
Microsoft Visual Studio Solution File, Format Version 12.00
# Visual Studio Version 17
VisualStudioVersion = 17.0.31410.414
MinimumVisualStudioVersion = 10.0.40219.1
Project("{FAE04EC0-301F-11D3-BF4B-00C04F79EFBC}") = "BatRecordingManager", "BatRecordingManager\BatRecordingManager.csproj", "{FE223A3F-3931-4DD8-B4EE-BF8B29F59D1A}"
EndProject
Project("{FAE04EC0-301F-11D3-BF4B-00C04F79EFBC}") = "Mm.ExportableDataGrid", "Mm.ExportableDataGrid\Mm.ExportableDataGrid.csproj", "{A44B2E90-8698-45EC-AFB4-45BF5A6067C5}"
EndProject
Project("{FAE04EC0-301F-11D3-BF4B-00C04F79EFBC}") = "PulseTrainAnalysis", "AnalysisMain\PulseTrainAnalysis.csproj", "{907D599E-593C-4618-9A2F-F2295C608D8B}"
EndProject
Project("{FAE04EC0-301F-11D3-BF4B-00C04F79EFBC}") = "BatPassAnalysisFW", "BatPassAnalysisFW\BatPassAnalysisFW.csproj", "{6C8AE201-874B-4CB0-8A85-55708B6B1145}"
EndProject
Project("{FAE04EC0-301F-11D3-BF4B-00C04F79EFBC}") = "UniversalToolkit", "UniversalToolkit\UniversalToolkit.csproj", "{7D072491-04CB-4BD7-B5D2-7A13AA3DE2AB}"
EndProject
Project("{FAE04EC0-301F-11D3-BF4B-00C04F79EFBC}") = "BatCallAnalysisControlSet", "BatCallAnalysisControlSet\BatCallAnalysisControlSet.csproj", "{ACDDF392-9241-46C2-8FA5-D5A5501778F4}"
EndProject
Project("{FAE04EC0-301F-11D3-BF4B-00C04F79EFBC}") = "BatCallAnalyser", "BatCallAnalyser\BatCallAnalyser.csproj", "{9552F295-33EC-4DAD-BAB2-3B393D031114}"
EndProject
Project("{2150E333-8FDC-42A3-9474-1A3956D46DE8}") = "Solution Items", "Solution Items", "{7208A7F7-1D7E-4CA2-8810-BDCCA829E349}"
	ProjectSection(SolutionItems) = preProject
		.editorconfig = .editorconfig
	EndProjectSection
EndProject
Global
	GlobalSection(SolutionConfigurationPlatforms) = preSolution
		Debug|Any CPU = Debug|Any CPU
		Debug|x64 = Debug|x64
		Debug|x86 = Debug|x86
		Release|Any CPU = Release|Any CPU
		Release|x64 = Release|x64
		Release|x86 = Release|x86
		Release64|Any CPU = Release64|Any CPU
		Release64|x64 = Release64|x64
		Release64|x86 = Release64|x86
	EndGlobalSection
	GlobalSection(ProjectConfigurationPlatforms) = postSolution
		{FE223A3F-3931-4DD8-B4EE-BF8B29F59D1A}.Debug|Any CPU.ActiveCfg = Debug|Any CPU
		{FE223A3F-3931-4DD8-B4EE-BF8B29F59D1A}.Debug|Any CPU.Build.0 = Debug|Any CPU
		{FE223A3F-3931-4DD8-B4EE-BF8B29F59D1A}.Debug|x64.ActiveCfg = Debug|x64
		{FE223A3F-3931-4DD8-B4EE-BF8B29F59D1A}.Debug|x64.Build.0 = Debug|x64
		{FE223A3F-3931-4DD8-B4EE-BF8B29F59D1A}.Debug|x86.ActiveCfg = Debug|x86
		{FE223A3F-3931-4DD8-B4EE-BF8B29F59D1A}.Debug|x86.Build.0 = Debug|x86
		{FE223A3F-3931-4DD8-B4EE-BF8B29F59D1A}.Release|Any CPU.ActiveCfg = Release|Any CPU
		{FE223A3F-3931-4DD8-B4EE-BF8B29F59D1A}.Release|Any CPU.Build.0 = Release|Any CPU
		{FE223A3F-3931-4DD8-B4EE-BF8B29F59D1A}.Release|x64.ActiveCfg = Release|x64
		{FE223A3F-3931-4DD8-B4EE-BF8B29F59D1A}.Release|x64.Build.0 = Release|x64
		{FE223A3F-3931-4DD8-B4EE-BF8B29F59D1A}.Release|x86.ActiveCfg = Release|x86
		{FE223A3F-3931-4DD8-B4EE-BF8B29F59D1A}.Release|x86.Build.0 = Release|x86
		{FE223A3F-3931-4DD8-B4EE-BF8B29F59D1A}.Release64|Any CPU.ActiveCfg = Release64|Any CPU
		{FE223A3F-3931-4DD8-B4EE-BF8B29F59D1A}.Release64|Any CPU.Build.0 = Release64|Any CPU
		{FE223A3F-3931-4DD8-B4EE-BF8B29F59D1A}.Release64|x64.ActiveCfg = Release64|x64
		{FE223A3F-3931-4DD8-B4EE-BF8B29F59D1A}.Release64|x64.Build.0 = Release64|x64
		{FE223A3F-3931-4DD8-B4EE-BF8B29F59D1A}.Release64|x86.ActiveCfg = Release64|x86
		{FE223A3F-3931-4DD8-B4EE-BF8B29F59D1A}.Release64|x86.Build.0 = Release64|x86
		{A44B2E90-8698-45EC-AFB4-45BF5A6067C5}.Debug|Any CPU.ActiveCfg = Debug|Any CPU
		{A44B2E90-8698-45EC-AFB4-45BF5A6067C5}.Debug|Any CPU.Build.0 = Debug|Any CPU
		{A44B2E90-8698-45EC-AFB4-45BF5A6067C5}.Debug|x64.ActiveCfg = Debug|x64
		{A44B2E90-8698-45EC-AFB4-45BF5A6067C5}.Debug|x64.Build.0 = Debug|x64
		{A44B2E90-8698-45EC-AFB4-45BF5A6067C5}.Debug|x86.ActiveCfg = Debug|Any CPU
		{A44B2E90-8698-45EC-AFB4-45BF5A6067C5}.Debug|x86.Build.0 = Debug|Any CPU
		{A44B2E90-8698-45EC-AFB4-45BF5A6067C5}.Release|Any CPU.ActiveCfg = Release|Any CPU
		{A44B2E90-8698-45EC-AFB4-45BF5A6067C5}.Release|Any CPU.Build.0 = Release|Any CPU
		{A44B2E90-8698-45EC-AFB4-45BF5A6067C5}.Release|x64.ActiveCfg = Release|x64
		{A44B2E90-8698-45EC-AFB4-45BF5A6067C5}.Release|x64.Build.0 = Release|x64
		{A44B2E90-8698-45EC-AFB4-45BF5A6067C5}.Release|x86.ActiveCfg = Release|Any CPU
		{A44B2E90-8698-45EC-AFB4-45BF5A6067C5}.Release|x86.Build.0 = Release|Any CPU
		{A44B2E90-8698-45EC-AFB4-45BF5A6067C5}.Release64|Any CPU.ActiveCfg = Release64|Any CPU
		{A44B2E90-8698-45EC-AFB4-45BF5A6067C5}.Release64|Any CPU.Build.0 = Release64|Any CPU
		{A44B2E90-8698-45EC-AFB4-45BF5A6067C5}.Release64|x64.ActiveCfg = Release64|Any CPU
		{A44B2E90-8698-45EC-AFB4-45BF5A6067C5}.Release64|x64.Build.0 = Release64|Any CPU
		{A44B2E90-8698-45EC-AFB4-45BF5A6067C5}.Release64|x86.ActiveCfg = Release64|Any CPU
		{A44B2E90-8698-45EC-AFB4-45BF5A6067C5}.Release64|x86.Build.0 = Release64|Any CPU
		{907D599E-593C-4618-9A2F-F2295C608D8B}.Debug|Any CPU.ActiveCfg = Debug|Any CPU
		{907D599E-593C-4618-9A2F-F2295C608D8B}.Debug|Any CPU.Build.0 = Debug|Any CPU
		{907D599E-593C-4618-9A2F-F2295C608D8B}.Debug|x64.ActiveCfg = Debug|x64
		{907D599E-593C-4618-9A2F-F2295C608D8B}.Debug|x64.Build.0 = Debug|x64
		{907D599E-593C-4618-9A2F-F2295C608D8B}.Debug|x86.ActiveCfg = Debug|Any CPU
		{907D599E-593C-4618-9A2F-F2295C608D8B}.Debug|x86.Build.0 = Debug|Any CPU
		{907D599E-593C-4618-9A2F-F2295C608D8B}.Release|Any CPU.ActiveCfg = Release|Any CPU
		{907D599E-593C-4618-9A2F-F2295C608D8B}.Release|Any CPU.Build.0 = Release|Any CPU
		{907D599E-593C-4618-9A2F-F2295C608D8B}.Release|x64.ActiveCfg = Release|x64
		{907D599E-593C-4618-9A2F-F2295C608D8B}.Release|x64.Build.0 = Release|x64
		{907D599E-593C-4618-9A2F-F2295C608D8B}.Release|x86.ActiveCfg = Release|Any CPU
		{907D599E-593C-4618-9A2F-F2295C608D8B}.Release|x86.Build.0 = Release|Any CPU
		{907D599E-593C-4618-9A2F-F2295C608D8B}.Release64|Any CPU.ActiveCfg = Release|Any CPU
		{907D599E-593C-4618-9A2F-F2295C608D8B}.Release64|Any CPU.Build.0 = Release|Any CPU
		{907D599E-593C-4618-9A2F-F2295C608D8B}.Release64|x64.ActiveCfg = Release|Any CPU
		{907D599E-593C-4618-9A2F-F2295C608D8B}.Release64|x64.Build.0 = Release|Any CPU
		{907D599E-593C-4618-9A2F-F2295C608D8B}.Release64|x86.ActiveCfg = Release|Any CPU
		{907D599E-593C-4618-9A2F-F2295C608D8B}.Release64|x86.Build.0 = Release|Any CPU
		{6C8AE201-874B-4CB0-8A85-55708B6B1145}.Debug|Any CPU.ActiveCfg = Debug|Any CPU
		{6C8AE201-874B-4CB0-8A85-55708B6B1145}.Debug|Any CPU.Build.0 = Debug|Any CPU
		{6C8AE201-874B-4CB0-8A85-55708B6B1145}.Debug|x64.ActiveCfg = Debug|x64
		{6C8AE201-874B-4CB0-8A85-55708B6B1145}.Debug|x64.Build.0 = Debug|x64
		{6C8AE201-874B-4CB0-8A85-55708B6B1145}.Debug|x86.ActiveCfg = Debug|Any CPU
		{6C8AE201-874B-4CB0-8A85-55708B6B1145}.Debug|x86.Build.0 = Debug|Any CPU
		{6C8AE201-874B-4CB0-8A85-55708B6B1145}.Release|Any CPU.ActiveCfg = Release|Any CPU
		{6C8AE201-874B-4CB0-8A85-55708B6B1145}.Release|Any CPU.Build.0 = Release|Any CPU
		{6C8AE201-874B-4CB0-8A85-55708B6B1145}.Release|x64.ActiveCfg = Release|x64
		{6C8AE201-874B-4CB0-8A85-55708B6B1145}.Release|x64.Build.0 = Release|x64
		{6C8AE201-874B-4CB0-8A85-55708B6B1145}.Release|x86.ActiveCfg = Release|Any CPU
		{6C8AE201-874B-4CB0-8A85-55708B6B1145}.Release|x86.Build.0 = Release|Any CPU
		{6C8AE201-874B-4CB0-8A85-55708B6B1145}.Release64|Any CPU.ActiveCfg = Release|Any CPU
		{6C8AE201-874B-4CB0-8A85-55708B6B1145}.Release64|Any CPU.Build.0 = Release|Any CPU
		{6C8AE201-874B-4CB0-8A85-55708B6B1145}.Release64|x64.ActiveCfg = Release|Any CPU
		{6C8AE201-874B-4CB0-8A85-55708B6B1145}.Release64|x64.Build.0 = Release|Any CPU
		{6C8AE201-874B-4CB0-8A85-55708B6B1145}.Release64|x86.ActiveCfg = Release|Any CPU
		{6C8AE201-874B-4CB0-8A85-55708B6B1145}.Release64|x86.Build.0 = Release|Any CPU
		{7D072491-04CB-4BD7-B5D2-7A13AA3DE2AB}.Debug|Any CPU.ActiveCfg = Debug|Any CPU
		{7D072491-04CB-4BD7-B5D2-7A13AA3DE2AB}.Debug|Any CPU.Build.0 = Debug|Any CPU
		{7D072491-04CB-4BD7-B5D2-7A13AA3DE2AB}.Debug|x64.ActiveCfg = Debug|x64
		{7D072491-04CB-4BD7-B5D2-7A13AA3DE2AB}.Debug|x64.Build.0 = Debug|x64
		{7D072491-04CB-4BD7-B5D2-7A13AA3DE2AB}.Debug|x86.ActiveCfg = Debug|Any CPU
		{7D072491-04CB-4BD7-B5D2-7A13AA3DE2AB}.Debug|x86.Build.0 = Debug|Any CPU
		{7D072491-04CB-4BD7-B5D2-7A13AA3DE2AB}.Release|Any CPU.ActiveCfg = Release|Any CPU
		{7D072491-04CB-4BD7-B5D2-7A13AA3DE2AB}.Release|Any CPU.Build.0 = Release|Any CPU
		{7D072491-04CB-4BD7-B5D2-7A13AA3DE2AB}.Release|x64.ActiveCfg = Release|x64
		{7D072491-04CB-4BD7-B5D2-7A13AA3DE2AB}.Release|x64.Build.0 = Release|x64
		{7D072491-04CB-4BD7-B5D2-7A13AA3DE2AB}.Release|x86.ActiveCfg = Release|Any CPU
		{7D072491-04CB-4BD7-B5D2-7A13AA3DE2AB}.Release|x86.Build.0 = Release|Any CPU
		{7D072491-04CB-4BD7-B5D2-7A13AA3DE2AB}.Release64|Any CPU.ActiveCfg = Release|Any CPU
		{7D072491-04CB-4BD7-B5D2-7A13AA3DE2AB}.Release64|Any CPU.Build.0 = Release|Any CPU
		{7D072491-04CB-4BD7-B5D2-7A13AA3DE2AB}.Release64|x64.ActiveCfg = Release|Any CPU
		{7D072491-04CB-4BD7-B5D2-7A13AA3DE2AB}.Release64|x64.Build.0 = Release|Any CPU
		{7D072491-04CB-4BD7-B5D2-7A13AA3DE2AB}.Release64|x86.ActiveCfg = Release|Any CPU
		{7D072491-04CB-4BD7-B5D2-7A13AA3DE2AB}.Release64|x86.Build.0 = Release|Any CPU
		{ACDDF392-9241-46C2-8FA5-D5A5501778F4}.Debug|Any CPU.ActiveCfg = Debug|Any CPU
		{ACDDF392-9241-46C2-8FA5-D5A5501778F4}.Debug|Any CPU.Build.0 = Debug|Any CPU
		{ACDDF392-9241-46C2-8FA5-D5A5501778F4}.Debug|x64.ActiveCfg = Debug|x64
		{ACDDF392-9241-46C2-8FA5-D5A5501778F4}.Debug|x64.Build.0 = Debug|x64
		{ACDDF392-9241-46C2-8FA5-D5A5501778F4}.Debug|x86.ActiveCfg = Debug|Any CPU
		{ACDDF392-9241-46C2-8FA5-D5A5501778F4}.Debug|x86.Build.0 = Debug|Any CPU
		{ACDDF392-9241-46C2-8FA5-D5A5501778F4}.Release|Any CPU.ActiveCfg = Release|Any CPU
		{ACDDF392-9241-46C2-8FA5-D5A5501778F4}.Release|Any CPU.Build.0 = Release|Any CPU
		{ACDDF392-9241-46C2-8FA5-D5A5501778F4}.Release|x64.ActiveCfg = Release|x64
		{ACDDF392-9241-46C2-8FA5-D5A5501778F4}.Release|x64.Build.0 = Release|x64
		{ACDDF392-9241-46C2-8FA5-D5A5501778F4}.Release|x86.ActiveCfg = Release|Any CPU
		{ACDDF392-9241-46C2-8FA5-D5A5501778F4}.Release|x86.Build.0 = Release|Any CPU
		{ACDDF392-9241-46C2-8FA5-D5A5501778F4}.Release64|Any CPU.ActiveCfg = Release|Any CPU
		{ACDDF392-9241-46C2-8FA5-D5A5501778F4}.Release64|Any CPU.Build.0 = Release|Any CPU
		{ACDDF392-9241-46C2-8FA5-D5A5501778F4}.Release64|x64.ActiveCfg = Release|Any CPU
		{ACDDF392-9241-46C2-8FA5-D5A5501778F4}.Release64|x64.Build.0 = Release|Any CPU
		{ACDDF392-9241-46C2-8FA5-D5A5501778F4}.Release64|x86.ActiveCfg = Release|Any CPU
		{ACDDF392-9241-46C2-8FA5-D5A5501778F4}.Release64|x86.Build.0 = Release|Any CPU
		{9552F295-33EC-4DAD-BAB2-3B393D031114}.Debug|Any CPU.ActiveCfg = Debug|Any CPU
		{9552F295-33EC-4DAD-BAB2-3B393D031114}.Debug|Any CPU.Build.0 = Debug|Any CPU
		{9552F295-33EC-4DAD-BAB2-3B393D031114}.Debug|x64.ActiveCfg = Debug|x64
		{9552F295-33EC-4DAD-BAB2-3B393D031114}.Debug|x64.Build.0 = Debug|x64
		{9552F295-33EC-4DAD-BAB2-3B393D031114}.Debug|x86.ActiveCfg = Debug|Any CPU
		{9552F295-33EC-4DAD-BAB2-3B393D031114}.Debug|x86.Build.0 = Debug|Any CPU
		{9552F295-33EC-4DAD-BAB2-3B393D031114}.Release|Any CPU.ActiveCfg = Release|Any CPU
		{9552F295-33EC-4DAD-BAB2-3B393D031114}.Release|Any CPU.Build.0 = Release|Any CPU
		{9552F295-33EC-4DAD-BAB2-3B393D031114}.Release|x64.ActiveCfg = Release|x64
		{9552F295-33EC-4DAD-BAB2-3B393D031114}.Release|x64.Build.0 = Release|x64
		{9552F295-33EC-4DAD-BAB2-3B393D031114}.Release|x86.ActiveCfg = Release|Any CPU
		{9552F295-33EC-4DAD-BAB2-3B393D031114}.Release|x86.Build.0 = Release|Any CPU
		{9552F295-33EC-4DAD-BAB2-3B393D031114}.Release64|Any CPU.ActiveCfg = Release|Any CPU
		{9552F295-33EC-4DAD-BAB2-3B393D031114}.Release64|Any CPU.Build.0 = Release|Any CPU
		{9552F295-33EC-4DAD-BAB2-3B393D031114}.Release64|x64.ActiveCfg = Release|Any CPU
		{9552F295-33EC-4DAD-BAB2-3B393D031114}.Release64|x64.Build.0 = Release|Any CPU
		{9552F295-33EC-4DAD-BAB2-3B393D031114}.Release64|x86.ActiveCfg = Release|Any CPU
		{9552F295-33EC-4DAD-BAB2-3B393D031114}.Release64|x86.Build.0 = Release|Any CPU
	EndGlobalSection
	GlobalSection(SolutionProperties) = preSolution
		HideSolutionNode = FALSE
	EndGlobalSection
	GlobalSection(ExtensibilityGlobals) = postSolution
		SolutionGuid = {4EEA8783-F162-4DCC-881D-C7F70943EAA4}
	EndGlobalSection
	GlobalSection(Performance) = preSolution
		HasPerformanceSessions = true
	EndGlobalSection
EndGlobal
